# THIS IS AN AUTOGENERATED FILE. DO NOT EDIT THIS FILE DIRECTLY.
# yarn lockfile v1


"fs-extra@^7.0.0":
  "integrity" "sha512-EglNDLRpmaTWiD/qraZn6HREAEAHJcJOmxNEYwq6xeMKnVMAy3GUcFB+wXt2C6k4CNvB/mP1y/U3dzvKKj5OtQ=="
  "resolved" "https://registry.npmjs.org/fs-extra/-/fs-extra-7.0.0.tgz"
  "version" "7.0.0"
  dependencies:
    "graceful-fs" "^4.1.2"
    "jsonfile" "^4.0.0"
    "universalify" "^0.1.0"

"graceful-fs@^4.1.2", "graceful-fs@^4.1.6":
  "integrity" "sha1-Dovf5NHduIVNZOBOp8AOKgJuVlg="
  "resolved" "https://registry.npmjs.org/graceful-fs/-/graceful-fs-4.1.11.tgz"
  "version" "4.1.11"

"has-flag@^3.0.0":
  "integrity" "sha1-tdRU3CGZriJWmfNGfloH87lVuv0="
  "resolved" "https://registry.npmjs.org/has-flag/-/has-flag-3.0.0.tgz"
  "version" "3.0.0"

"jsonfile@^4.0.0":
  "integrity" "sha1-h3Gq4HmbZAdrdmQPygWPnBDjPss="
  "resolved" "https://registry.npmjs.org/jsonfile/-/jsonfile-4.0.0.tgz"
  "version" "4.0.0"
  dependencies:
    "graceful-fs" "^4.1.6"

"kool-shell@^2.1.0":
  "integrity" "sha512-7FyMOhw26mTl6WkPwvvccQR/R2Y/lpzoXo9YKK7YfYprTM4vSsX/9TRMNz3rua9y7roc/WTEKD7ygs8YU1YhhQ=="
  "resolved" "https://registry.npmjs.org/kool-shell/-/kool-shell-2.1.0.tgz"
  "version" "2.1.0"
  dependencies:
    "supports-color" "^5.4.0"

"supports-color@^5.4.0":
  "integrity" "sha512-zjaXglF5nnWpsq470jSv6P9DwPvgLkuapYmfDm3JWOm0vkNTVF2tI4UrN2r6jH1qM/uc/WtxYY1hYoA2dOKj5w=="
  "resolved" "https://registry.npmjs.org/supports-color/-/supports-color-5.4.0.tgz"
  "version" "5.4.0"
  dependencies:
    "has-flag" "^3.0.0"

"universalify@^0.1.0":
  "integrity" "sha512-rBJeI5CXAlmy1pV+617WB9J63U6XcazHHF2f2dbJix4XzpUF0RS3Zbj0FGIOCAva5P/d/GBOYaACQ1w+0azUkg=="
  "resolved" "https://registry.npmjs.org/universalify/-/universalify-0.1.2.tgz"
  "version" "0.1.2"
